schema: '2.0'
stages:
  split_train_val:
    cmd: python ../src_view_segmentation/data/split_train_val.py config/config.yaml
    deps:
    - path: ../src_view_segmentation/data/split_train_val.py
      hash: md5
      md5: 315322c14fb74c43d75e69b90402de6e
      size: 2860
    params:
      config/config.yaml:
        data:
          prob_train: 0.8
          training_size:
          - 150
          - 150
          crop_size:
          delimiter: _
          maxvalues:
          - 255
          - 1023
          - 1023
          root_folder: data
          suffixes:
          - _RGB.png
          - _NIR.png
          - _UV.png
          channel_list:
          use_segmentation_masks: true
          train:
          - - train_list.txt
            - 20240219_190526_Img_20240219_NaranjaRottEncoder/jsons
            - 20240219_190526_Img_20240219_NaranjaRottEncoder/images
          - - train_list.txt
            - 20240220_142555_Img_20240220_goods/jsons
            - 20240220_142555_Img_20240220_goods/images
          - - train_list.txt
            - 20240312_210918_prod/jsons
            - 20240312_210918_prod/images
          - - train_list.txt
            - 20240312_210929_prod/jsons
            - 20240312_210929_prod/images
          - - train_list.txt
            - 20240321_162918_Img_20240321_162913/jsons
            - 20240321_162918_Img_20240321_162913/images
          - - train_list.txt
            - 20240321_172502_defectos_rotando/jsons
            - 20240321_172502_defectos_rotando/images
          - - train_list.txt
            - 20240805/jsons
            - 20240805/images
          val:
          - - val_list.txt
            - 20240219_190526_Img_20240219_NaranjaRottEncoder/jsons
            - 20240219_190526_Img_20240219_NaranjaRottEncoder/images
          - - val_list.txt
            - 20240220_142555_Img_20240220_goods/jsons
            - 20240220_142555_Img_20240220_goods/images
          - - val_list.txt
            - 20240312_210918_prod/jsons
            - 20240312_210918_prod/images
          - - val_list.txt
            - 20240312_210929_prod/jsons
            - 20240312_210929_prod/images
          - - val_list.txt
            - 20240321_162918_Img_20240321_162913/jsons
            - 20240321_162918_Img_20240321_162913/images
          - - val_list.txt
            - 20240321_172502_defectos_rotando/jsons
            - 20240321_172502_defectos_rotando/images
          - - val_list.txt
            - 20240805/jsons
            - 20240805/images
    outs:
    - path: data/20240219_190526_Img_20240219_NaranjaRottEncoder/jsons/train_list.txt
      hash: md5
      md5: 359e9dffa1cb810e652fe26547615e1b
      size: 14239
    - path: data/20240219_190526_Img_20240219_NaranjaRottEncoder/jsons/val_list.txt
      hash: md5
      md5: 673e80dca711983c78d57d1d180f3382
      size: 1827
    - path: data/20240220_142555_Img_20240220_goods/jsons/train_list.txt
      hash: md5
      md5: d263d05d9e9573e60eed244e714bbbdd
      size: 8613
    - path: data/20240220_142555_Img_20240220_goods/jsons/val_list.txt
      hash: md5
      md5: 5a4fcd1321e373e90c452819c57dbde4
      size: 2175
    - path: data/20240312_210918_prod/jsons/train_list.txt
      hash: md5
      md5: bef438cf43d6e76b500797082d1a69bc
      size: 35148
    - path: data/20240312_210918_prod/jsons/val_list.txt
      hash: md5
      md5: 13d58ac29cc76eaec85ec50b45b6d05a
      size: 8468
    - path: data/20240312_210929_prod/jsons/train_list.txt
      hash: md5
      md5: 7ac99010742fc2775f5476f06890f8ce
      size: 27434
    - path: data/20240312_210929_prod/jsons/val_list.txt
      hash: md5
      md5: 2e6f040c96781d430d1c25c9f6ede72e
      size: 7192
    - path: data/20240321_162918_Img_20240321_162913/jsons/train_list.txt
      hash: md5
      md5: a655e184f2f4b3f0ca1c9fb481134e51
      size: 9744
    - path: data/20240321_162918_Img_20240321_162913/jsons/val_list.txt
      hash: md5
      md5: 4cf32c90e875525fb060c164dd7f97d5
      size: 2349
    - path: data/20240321_172502_defectos_rotando/jsons/train_list.txt
      hash: md5
      md5: e8072e1482a3a8cbb37a0782c230e922
      size: 5394
    - path: data/20240321_172502_defectos_rotando/jsons/val_list.txt
      hash: md5
      md5: 198907c0e27a639a07276bba4aa191c9
      size: 1363
    - path: data/20240805/jsons/train_list.txt
      hash: md5
      md5: 09a267e451b2fa5598521673aaf4cd26
      size: 65569
    - path: data/20240805/jsons/val_list.txt
      hash: md5
      md5: 5f4dbe0112467a5880c2258e51adf972
      size: 15428
